
Microsoft Visual Studio Solution File, Format Version 12.00
# Visual Studio Version 17
VisualStudioVersion = 17.0.31903.59
MinimumVisualStudioVersion = 10.0.40219.1
Project("{FAE04EC0-301F-11D3-BF4B-00C04F79EFBC}") = "AkademikAsistan.Core", "AkademikAsistan.Core\AkademikAsistan.Core.csproj", "{C222C06D-9ABB-4B68-B8CD-C45CBDC7F2BF}"
EndProject
Project("{FAE04EC0-301F-11D3-BF4B-00C04F79EFBC}") = "AkademikAsistan.Data", "AkademikAsistan.Data\AkademikAsistan.Data.csproj", "{2C756D19-8EB8-4BC8-BC12-6529135457D3}"
EndProject
Project("{FAE04EC0-301F-11D3-BF4B-00C04F79EFBC}") = "AkademikAsistan.Services", "AkademikAsistan.Services\AkademikAsistan.Services.csproj", "{47ACC865-D477-45E4-83D7-8A59C775EC2D}"
EndProject
Project("{FAE04EC0-301F-11D3-BF4B-00C04F79EFBC}") = "AkademikAsistan.App", "AkademikAsistan.App\AkademikAsistan.App.csproj", "{1F4393B8-D76C-4EA4-88AB-BEBCDD8DA0C6}"
EndProject
Project("{FAE04EC0-301F-11D3-BF4B-00C04F79EFBC}") = "AkademikAsistan.Tests", "AkademikAsistan.Tests\AkademikAsistan.Tests.csproj", "{FD92AB55-A129-4444-9A61-F69811A863A9}"
EndProject
Global
	GlobalSection(SolutionConfigurationPlatforms) = preSolution
		Debug|Any CPU = Debug|Any CPU
		Release|Any CPU = Release|Any CPU
	EndGlobalSection
	GlobalSection(ProjectConfigurationPlatforms) = postSolution
		{C222C06D-9ABB-4B68-B8CD-C45CBDC7F2BF}.Debug|Any CPU.ActiveCfg = Debug|Any CPU
		{C222C06D-9ABB-4B68-B8CD-C45CBDC7F2BF}.Debug|Any CPU.Build.0 = Debug|Any CPU
		{C222C06D-9ABB-4B68-B8CD-C45CBDC7F2BF}.Release|Any CPU.ActiveCfg = Release|Any CPU
		{C222C06D-9ABB-4B68-B8CD-C45CBDC7F2BF}.Release|Any CPU.Build.0 = Release|Any CPU
		{2C756D19-8EB8-4BC8-BC12-6529135457D3}.Debug|Any CPU.ActiveCfg = Debug|Any CPU
		{2C756D19-8EB8-4BC8-BC12-6529135457D3}.Debug|Any CPU.Build.0 = Debug|Any CPU
		{2C756D19-8EB8-4BC8-BC12-6529135457D3}.Release|Any CPU.ActiveCfg = Release|Any CPU
		{2C756D19-8EB8-4BC8-BC12-6529135457D3}.Release|Any CPU.Build.0 = Release|Any CPU
		{47ACC865-D477-45E4-83D7-8A59C775EC2D}.Debug|Any CPU.ActiveCfg = Debug|Any CPU
		{47ACC865-D477-45E4-83D7-8A59C775EC2D}.Debug|Any CPU.Build.0 = Debug|Any CPU
		{47ACC865-D477-45E4-83D7-8A59C775EC2D}.Release|Any CPU.ActiveCfg = Release|Any CPU
		{47ACC865-D477-45E4-83D7-8A59C775EC2D}.Release|Any CPU.Build.0 = Release|Any CPU
		{1F4393B8-D76C-4EA4-88AB-BEBCDD8DA0C6}.Debug|Any CPU.ActiveCfg = Debug|Any CPU
		{1F4393B8-D76C-4EA4-88AB-BEBCDD8DA0C6}.Debug|Any CPU.Build.0 = Debug|Any CPU
		{1F4393B8-D76C-4EA4-88AB-BEBCDD8DA0C6}.Release|Any CPU.ActiveCfg = Release|Any CPU
		{1F4393B8-D76C-4EA4-88AB-BEBCDD8DA0C6}.Release|Any CPU.Build.0 = Release|Any CPU
		{FD92AB55-A129-4444-9A61-F69811A863A9}.Debug|Any CPU.ActiveCfg = Debug|Any CPU
		{FD92AB55-A129-4444-9A61-F69811A863A9}.Debug|Any CPU.Build.0 = Debug|Any CPU
		{FD92AB55-A129-4444-9A61-F69811A863A9}.Release|Any CPU.ActiveCfg = Release|Any CPU
		{FD92AB55-A129-4444-9A61-F69811A863A9}.Release|Any CPU.Build.0 = Release|Any CPU
	EndGlobalSection
	GlobalSection(SolutionProperties) = preSolution
		HideSolutionNode = FALSE
	EndGlobalSection
EndGlobal
